
Microsoft Visual Studio Solution File, Format Version 12.00
# Visual Studio Version 17
VisualStudioVersion = 17.0.31903.59
MinimumVisualStudioVersion = 10.0.40219.1
Project("{2150E333-8FDC-42A3-9474-1A3956D46DE8}") = "src", "src", "{0A5E05C0-BC25-4A43-B348-797BF1D80E83}"
EndProject
Project("{FAE04EC0-301F-11D3-BF4B-00C04F79EFBC}") = "03-Battleship.Library", "src\03-Battleship.Library\03-Battleship.Library.csproj", "{4DEA8863-15E5-4089-95A3-4C39B268BDCF}"
EndProject
Project("{FAE04EC0-301F-11D3-BF4B-00C04F79EFBC}") = "01-StudentCheck.CLI", "src\01-StudentCheck.CLI\01-StudentCheck.CLI.csproj", "{38875856-09DC-495D-BEEA-832AE175863D}"
EndProject
Project("{FAE04EC0-301F-11D3-BF4B-00C04F79EFBC}") = "02-GuestBook.CLI", "src\02-GuestBook.CLI\02-GuestBook.CLI.csproj", "{0B19B58B-9238-42A1-B2F9-FE10C2734EEB}"
EndProject
Project("{FAE04EC0-301F-11D3-BF4B-00C04F79EFBC}") = "03-Battleship.CLI", "src\03-Battleship.CLI\03-Battleship.CLI.csproj", "{2CB8740E-943A-4586-BF5D-29081E695125}"
EndProject
Global
	GlobalSection(SolutionConfigurationPlatforms) = preSolution
		Debug|Any CPU = Debug|Any CPU
		Debug|x64 = Debug|x64
		Debug|x86 = Debug|x86
		Release|Any CPU = Release|Any CPU
		Release|x64 = Release|x64
		Release|x86 = Release|x86
	EndGlobalSection
	GlobalSection(ProjectConfigurationPlatforms) = postSolution
		{4DEA8863-15E5-4089-95A3-4C39B268BDCF}.Debug|Any CPU.ActiveCfg = Debug|Any CPU
		{4DEA8863-15E5-4089-95A3-4C39B268BDCF}.Debug|Any CPU.Build.0 = Debug|Any CPU
		{4DEA8863-15E5-4089-95A3-4C39B268BDCF}.Debug|x64.ActiveCfg = Debug|Any CPU
		{4DEA8863-15E5-4089-95A3-4C39B268BDCF}.Debug|x64.Build.0 = Debug|Any CPU
		{4DEA8863-15E5-4089-95A3-4C39B268BDCF}.Debug|x86.ActiveCfg = Debug|Any CPU
		{4DEA8863-15E5-4089-95A3-4C39B268BDCF}.Debug|x86.Build.0 = Debug|Any CPU
		{4DEA8863-15E5-4089-95A3-4C39B268BDCF}.Release|Any CPU.ActiveCfg = Release|Any CPU
		{4DEA8863-15E5-4089-95A3-4C39B268BDCF}.Release|Any CPU.Build.0 = Release|Any CPU
		{4DEA8863-15E5-4089-95A3-4C39B268BDCF}.Release|x64.ActiveCfg = Release|Any CPU
		{4DEA8863-15E5-4089-95A3-4C39B268BDCF}.Release|x64.Build.0 = Release|Any CPU
		{4DEA8863-15E5-4089-95A3-4C39B268BDCF}.Release|x86.ActiveCfg = Release|Any CPU
		{4DEA8863-15E5-4089-95A3-4C39B268BDCF}.Release|x86.Build.0 = Release|Any CPU
		{38875856-09DC-495D-BEEA-832AE175863D}.Debug|Any CPU.ActiveCfg = Debug|Any CPU
		{38875856-09DC-495D-BEEA-832AE175863D}.Debug|Any CPU.Build.0 = Debug|Any CPU
		{38875856-09DC-495D-BEEA-832AE175863D}.Debug|x64.ActiveCfg = Debug|Any CPU
		{38875856-09DC-495D-BEEA-832AE175863D}.Debug|x64.Build.0 = Debug|Any CPU
		{38875856-09DC-495D-BEEA-832AE175863D}.Debug|x86.ActiveCfg = Debug|Any CPU
		{38875856-09DC-495D-BEEA-832AE175863D}.Debug|x86.Build.0 = Debug|Any CPU
		{38875856-09DC-495D-BEEA-832AE175863D}.Release|Any CPU.ActiveCfg = Release|Any CPU
		{38875856-09DC-495D-BEEA-832AE175863D}.Release|Any CPU.Build.0 = Release|Any CPU
		{38875856-09DC-495D-BEEA-832AE175863D}.Release|x64.ActiveCfg = Release|Any CPU
		{38875856-09DC-495D-BEEA-832AE175863D}.Release|x64.Build.0 = Release|Any CPU
		{38875856-09DC-495D-BEEA-832AE175863D}.Release|x86.ActiveCfg = Release|Any CPU
		{38875856-09DC-495D-BEEA-832AE175863D}.Release|x86.Build.0 = Release|Any CPU
		{0B19B58B-9238-42A1-B2F9-FE10C2734EEB}.Debug|Any CPU.ActiveCfg = Debug|Any CPU
		{0B19B58B-9238-42A1-B2F9-FE10C2734EEB}.Debug|Any CPU.Build.0 = Debug|Any CPU
		{0B19B58B-9238-42A1-B2F9-FE10C2734EEB}.Debug|x64.ActiveCfg = Debug|Any CPU
		{0B19B58B-9238-42A1-B2F9-FE10C2734EEB}.Debug|x64.Build.0 = Debug|Any CPU
		{0B19B58B-9238-42A1-B2F9-FE10C2734EEB}.Debug|x86.ActiveCfg = Debug|Any CPU
		{0B19B58B-9238-42A1-B2F9-FE10C2734EEB}.Debug|x86.Build.0 = Debug|Any CPU
		{0B19B58B-9238-42A1-B2F9-FE10C2734EEB}.Release|Any CPU.ActiveCfg = Release|Any CPU
		{0B19B58B-9238-42A1-B2F9-FE10C2734EEB}.Release|Any CPU.Build.0 = Release|Any CPU
		{0B19B58B-9238-42A1-B2F9-FE10C2734EEB}.Release|x64.ActiveCfg = Release|Any CPU
		{0B19B58B-9238-42A1-B2F9-FE10C2734EEB}.Release|x64.Build.0 = Release|Any CPU
		{0B19B58B-9238-42A1-B2F9-FE10C2734EEB}.Release|x86.ActiveCfg = Release|Any CPU
		{0B19B58B-9238-42A1-B2F9-FE10C2734EEB}.Release|x86.Build.0 = Release|Any CPU
		{2CB8740E-943A-4586-BF5D-29081E695125}.Debug|Any CPU.ActiveCfg = Debug|Any CPU
		{2CB8740E-943A-4586-BF5D-29081E695125}.Debug|Any CPU.Build.0 = Debug|Any CPU
		{2CB8740E-943A-4586-BF5D-29081E695125}.Debug|x64.ActiveCfg = Debug|Any CPU
		{2CB8740E-943A-4586-BF5D-29081E695125}.Debug|x64.Build.0 = Debug|Any CPU
		{2CB8740E-943A-4586-BF5D-29081E695125}.Debug|x86.ActiveCfg = Debug|Any CPU
		{2CB8740E-943A-4586-BF5D-29081E695125}.Debug|x86.Build.0 = Debug|Any CPU
		{2CB8740E-943A-4586-BF5D-29081E695125}.Release|Any CPU.ActiveCfg = Release|Any CPU
		{2CB8740E-943A-4586-BF5D-29081E695125}.Release|Any CPU.Build.0 = Release|Any CPU
		{2CB8740E-943A-4586-BF5D-29081E695125}.Release|x64.ActiveCfg = Release|Any CPU
		{2CB8740E-943A-4586-BF5D-29081E695125}.Release|x64.Build.0 = Release|Any CPU
		{2CB8740E-943A-4586-BF5D-29081E695125}.Release|x86.ActiveCfg = Release|Any CPU
		{2CB8740E-943A-4586-BF5D-29081E695125}.Release|x86.Build.0 = Release|Any CPU
	EndGlobalSection
	GlobalSection(SolutionProperties) = preSolution
		HideSolutionNode = FALSE
	EndGlobalSection
	GlobalSection(NestedProjects) = preSolution
		{4DEA8863-15E5-4089-95A3-4C39B268BDCF} = {0A5E05C0-BC25-4A43-B348-797BF1D80E83}
		{38875856-09DC-495D-BEEA-832AE175863D} = {0A5E05C0-BC25-4A43-B348-797BF1D80E83}
		{0B19B58B-9238-42A1-B2F9-FE10C2734EEB} = {0A5E05C0-BC25-4A43-B348-797BF1D80E83}
		{2CB8740E-943A-4586-BF5D-29081E695125} = {0A5E05C0-BC25-4A43-B348-797BF1D80E83}
	EndGlobalSection
EndGlobal
